// !$*UTF8*$!
{
	archiveVersion = 1;
	classes = {
	};
	objectVersion = 77;
	objects = {

/* Begin PBXBuildFile section */
		000797135691E266201188C4 /* WebhookService.swift in Sources */ = {isa = PBXBuildFile; fileRef = 91469BD532E68C326D46E942 /* WebhookService.swift */; };
		0074DD6412B95A7789E1CC78 /* PeopleView.swift in Sources */ = {isa = PBXBuildFile; fileRef = AF86482AF73B9F04F00FB627 /* PeopleView.swift */; };
		01D0DE721F00C140FE178AB1 /* ChatService.swift in Sources */ = {isa = PBXBuildFile; fileRef = E5300D70FF232A6310747D0A /* ChatService.swift */; };
		047D1DF45A92A5053C93DDC7 /* MeetingContextBuilder.swift in Sources */ = {isa = PBXBuildFile; fileRef = FDF9A07707154EE7020AC237 /* MeetingContextBuilder.swift */; };
		0AB41EBDC0EC67593B083164 /* CommandPaletteView.swift in Sources */ = {isa = PBXBuildFile; fileRef = 37C8741C1780E267D7C1FD84 /* CommandPaletteView.swift */; };
		0CB4CA61CF27B27F5B88A9F8 /* Settings.swift in Sources */ = {isa = PBXBuildFile; fileRef = 158BF70845A30E889650292E /* Settings.swift */; };
		1C53704F208B4354355B323C /* OnboardingView.swift in Sources */ = {isa = PBXBuildFile; fileRef = E6F9B681891ACA0D08220900 /* OnboardingView.swift */; };
		1EBCEC7AA441253AEC0FA2E1 /* Embeddings.swift in Sources */ = {isa = PBXBuildFile; fileRef = 51EC507B7989CB87BB6B0FDA /* Embeddings.swift */; };
		216DAD825A06A8D1CA2B35A1 /* Theme.swift in Sources */ = {isa = PBXBuildFile; fileRef = 366500D27A23ACEE85D3E8F3 /* Theme.swift */; };
		21D0DF9BB9D2350606FE4612 /* main.swift in Sources */ = {isa = PBXBuildFile; fileRef = 89FF7DA5E954AD48C093DB04 /* main.swift */; };
		27A8748E740F1CAE4DF9CB28 /* KeyboardShortcuts in Frameworks */ = {isa = PBXBuildFile; productRef = AA95757345E9D3D49DF53390 /* KeyboardShortcuts */; };
		28A6F95BFC1F37EEF707177A /* Components.swift in Sources */ = {isa = PBXBuildFile; fileRef = 25498B2C677D5A0E3BE35EA8 /* Components.swift */; };
		3319A43E631207361EFF3A95 /* Assets.xcassets in Resources */ = {isa = PBXBuildFile; fileRef = FE6CC305A75ACC092F44027F /* Assets.xcassets */; };
		34D861F6FF382F9D1986411A /* TranscriptionService.swift in Sources */ = {isa = PBXBuildFile; fileRef = 05C050830C960DB84BDD8980 /* TranscriptionService.swift */; };
		3D2B82FEC0F146AC6E91F1D6 /* NoteEnhancementService.swift in Sources */ = {isa = PBXBuildFile; fileRef = 28E48F067D553A4F8A2EB627 /* NoteEnhancementService.swift */; };
		4100CA0EB8A5D506AFA9FE90 /* RemindersService.swift in Sources */ = {isa = PBXBuildFile; fileRef = 54F1E9C22991C03733F3433E /* RemindersService.swift */; };
		44354F9DF3EC6CAF78F3ECD6 /* RecordingCoordinator.swift in Sources */ = {isa = PBXBuildFile; fileRef = 587B7FFA4E12B809189C4B7B /* RecordingCoordinator.swift */; };
		454CE05917FDC1CA8A89AE95 /* TemplateProvider.swift in Sources */ = {isa = PBXBuildFile; fileRef = 814F6BC334938D0CE806680A /* TemplateProvider.swift */; };
		48D6EDB1B132DD18F4CAD884 /* CalendarService.swift in Sources */ = {isa = PBXBuildFile; fileRef = 19D6ABA1E7B47D44268FEAAB /* CalendarService.swift */; };
		4ACDDECF375D45EE31A4F733 /* LiveAssistService.swift in Sources */ = {isa = PBXBuildFile; fileRef = 8B1C357E9D66D27AD8D02897 /* LiveAssistService.swift */; };
		52FD702F678F17274AA40412 /* MenuBarView.swift in Sources */ = {isa = PBXBuildFile; fileRef = C174D819AD087A904B4CC1DD /* MenuBarView.swift */; };
		5337C84B475946B5A73EA3E2 /* ActionItemExtractor.swift in Sources */ = {isa = PBXBuildFile; fileRef = 6E7C9ED555F0D68F61F574F7 /* ActionItemExtractor.swift */; };
		54821D49CD83B672D3899E60 /* MeetingDetailView.swift in Sources */ = {isa = PBXBuildFile; fileRef = D1BD196A5ACAF2644BCEC43F /* MeetingDetailView.swift */; };
		55489D0C3CE6CC85468E7BE8 /* Models.swift in Sources */ = {isa = PBXBuildFile; fileRef = 64EA6BDA434CB5424A3295D2 /* Models.swift */; };
		585BC7EDDDF2CE42E3867025 /* SettingsView.swift in Sources */ = {isa = PBXBuildFile; fileRef = 91BD65F9AF075FB3FFD33295 /* SettingsView.swift */; };
		5E0736A5B41196E01A12BF62 /* FluidAudio in Frameworks */ = {isa = PBXBuildFile; productRef = 10396361FABAB8C2CBDCE9BF /* FluidAudio */; };
		63087AAF17A0D60072B6848A /* NoteSourceMatcher.swift in Sources */ = {isa = PBXBuildFile; fileRef = 656E9272ABA852EEE06F8786 /* NoteSourceMatcher.swift */; };
		6397729528D117D94EE594AD /* AudioPlayer.swift in Sources */ = {isa = PBXBuildFile; fileRef = 3FB3F9E812F5AACE7EDB35EB /* AudioPlayer.swift */; };
		643BE2D18D2EC612CC40A54B /* AudioCaptureEngine.swift in Sources */ = {isa = PBXBuildFile; fileRef = 426C3D69B6C0BFDD2FF93294 /* AudioCaptureEngine.swift */; };
		68D2833933651673632A0B09 /* CalendarRefresher.swift in Sources */ = {isa = PBXBuildFile; fileRef = 0BD4B414C57A191099CE7D8A /* CalendarRefresher.swift */; };
		69C826605A5E880C04EE9E05 /* RecipesView.swift in Sources */ = {isa = PBXBuildFile; fileRef = 19C23D79D15AC8EED618A87B /* RecipesView.swift */; };
		69FBF97E7EE697867252F6C9 /* NotesEditor.swift in Sources */ = {isa = PBXBuildFile; fileRef = 7344409CC130D51CEDED9C0B /* NotesEditor.swift */; };
		6B8A895F8053148624A25544 /* LiveHUD.swift in Sources */ = {isa = PBXBuildFile; fileRef = 0B7F914179CAB4FB10CAB984 /* LiveHUD.swift */; };
		6F7AA112849A65A8206623C8 /* AudioDevices.swift in Sources */ = {isa = PBXBuildFile; fileRef = 52E3F92A15CF2EDB551A6E7C /* AudioDevices.swift */; };
		70F0493960DB973B9BF27473 /* MeetingIdentity.swift in Sources */ = {isa = PBXBuildFile; fileRef = 7F82B3B5692930722F52EA85 /* MeetingIdentity.swift */; };
		724EF681B717A27E740D8FE1 /* SafeStore.swift in Sources */ = {isa = PBXBuildFile; fileRef = 1F7E8EA9407EC44AEFDE8A6A /* SafeStore.swift */; };
		7836346033E5E83F3163BCD8 /* UpcomingView.swift in Sources */ = {isa = PBXBuildFile; fileRef = D52226C80C1670179C03E3FE /* UpcomingView.swift */; };
		820164CE9DC55556345C4D1E /* DecisionsView.swift in Sources */ = {isa = PBXBuildFile; fileRef = FDC78EF34651125106142C85 /* DecisionsView.swift */; };
		882D36CBE8FD18D923A38FBE /* DigestView.swift in Sources */ = {isa = PBXBuildFile; fileRef = 194BCBC5F51ED5846A3B711F /* DigestView.swift */; };
		8BEE9D6D33541A748D7DB2B0 /* RecipeService.swift in Sources */ = {isa = PBXBuildFile; fileRef = AD8718CB36011939D57FC340 /* RecipeService.swift */; };
		94DC55FD82913DD568C905AE /* ContentView.swift in Sources */ = {isa = PBXBuildFile; fileRef = F53137DE3F638F349F83AAAA /* ContentView.swift */; };
		99C70F8C83D5144DA9B2E03E /* ModelProvisioner.swift in Sources */ = {isa = PBXBuildFile; fileRef = 9D4D355D23194E4FA30D8625 /* ModelProvisioner.swift */; };
		9B276DC47F64976103DFC4BF /* TaskDates.swift in Sources */ = {isa = PBXBuildFile; fileRef = 2B6F771E6AC1F61D4108B2C4 /* TaskDates.swift */; };
		9CB5ED51696CD6918415720A /* AudioHelpers.swift in Sources */ = {isa = PBXBuildFile; fileRef = D0AFB7D3E78861C79281344E /* AudioHelpers.swift */; };
		9DD2990BCDE34D9FF36B71AB /* MeetingCitations.swift in Sources */ = {isa = PBXBuildFile; fileRef = C7B4B2FE53E8CE96715ED3B6 /* MeetingCitations.swift */; };
		A4AE60EF1E79DCF19982BE4B /* WindowAccessor.swift in Sources */ = {isa = PBXBuildFile; fileRef = 72E9174BA49E9CA24DDBA8F3 /* WindowAccessor.swift */; };
		A641E4D456841E0ED50CA24C /* MarkdownExporter.swift in Sources */ = {isa = PBXBuildFile; fileRef = B720EBE715B93F02D3D34342 /* MarkdownExporter.swift */; };
		A88E64791ECFE843F62CA9AA /* Log.swift in Sources */ = {isa = PBXBuildFile; fileRef = ED795D392F19ACB8D7799D2E /* Log.swift */; };
		AE6C1DC09909234DE9B3D7B3 /* DigestService.swift in Sources */ = {isa = PBXBuildFile; fileRef = CA10834CC47FBF94FB589724 /* DigestService.swift */; };
		AE90D5CFF8F056907A55C198 /* MeetingDetector.swift in Sources */ = {isa = PBXBuildFile; fileRef = 32874E4CF4D261ACFB2D5F5F /* MeetingDetector.swift */; };
		AEB44671EA6D62B3E097DE10 /* PreMeetingBriefView.swift in Sources */ = {isa = PBXBuildFile; fileRef = 29DB43C6C1BCB43E06FA10B7 /* PreMeetingBriefView.swift */; };
		B3EF535F7A9CBD87FCB262F2 /* StoreBackup.swift in Sources */ = {isa = PBXBuildFile; fileRef = 5E6B20000F1C6C1AEC95C4B4 /* StoreBackup.swift */; };
		B85691E7F9921AB48A09A750 /* SummarizationService.swift in Sources */ = {isa = PBXBuildFile; fileRef = E1F0DAA6D329531313F427ED /* SummarizationService.swift */; };
		BC399F5FAD149E3F629821D8 /* OatmealApp.swift in Sources */ = {isa = PBXBuildFile; fileRef = B314097191660AAF620BF6CB /* OatmealApp.swift */; };
		BDCBBB94B8A4FA93DC941FA3 /* StorageManager.swift in Sources */ = {isa = PBXBuildFile; fileRef = 0A6BFE4A8A318D4A7618FE04 /* StorageManager.swift */; };
		C21B21A2F4B19D850EDEB575 /* CoachingService.swift in Sources */ = {isa = PBXBuildFile; fileRef = 51D8BF1F116071B771C257A6 /* CoachingService.swift */; };
		C224E7A6CF8FAC029D0C5C28 /* RootView.swift in Sources */ = {isa = PBXBuildFile; fileRef = B250D59F36C5C57330B35A04 /* RootView.swift */; };
		C61A016F8C8CDF759011E8C1 /* KeyboardShortcutNames.swift in Sources */ = {isa = PBXBuildFile; fileRef = 253C4D1A120E25A6341C7DAA /* KeyboardShortcutNames.swift */; };
		C760C5ED22E4C66D76AEFB32 /* MeetingStore.swift in Sources */ = {isa = PBXBuildFile; fileRef = A8E16CD566C7DE5D72DD842E /* MeetingStore.swift */; };
		CB97C5D89B04CF48B8BC8258 /* DecisionsService.swift in Sources */ = {isa = PBXBuildFile; fileRef = 4F0CE0257BC6832AACB0CAEF /* DecisionsService.swift */; };
		CE261B2C90221D696F9A8F8B /* TasksView.swift in Sources */ = {isa = PBXBuildFile; fileRef = 6E2FDF29CC5629A727E174DE /* TasksView.swift */; };
		D02AB79A4C9D9DF3E0E9C970 /* ExceptionCatcher.m in Sources */ = {isa = PBXBuildFile; fileRef = E1B4F9CD4881722638632993 /* ExceptionCatcher.m */; };
		D5223CB47F898BCDC50A36F9 /* MeetingChatView.swift in Sources */ = {isa = PBXBuildFile; fileRef = 611B7473A8F91D9687867E06 /* MeetingChatView.swift */; };
		D61A60CED07D8DE645120991 /* TemplateClassifier.swift in Sources */ = {isa = PBXBuildFile; fileRef = A712D492DEDA68F8D0DBBA80 /* TemplateClassifier.swift */; };
		D6C4E4E2E066E20A6FCD1B48 /* MeetingListView.swift in Sources */ = {isa = PBXBuildFile; fileRef = 0C253ABBBF8B5579014B4616 /* MeetingListView.swift */; };
		D6E03116BE79F63B5D1B703A /* MeetingTriageView.swift in Sources */ = {isa = PBXBuildFile; fileRef = D2F736DE11E4540F89E6322F /* MeetingTriageView.swift */; };
		D97730498983CBD0204AF091 /* AnalyticsView.swift in Sources */ = {isa = PBXBuildFile; fileRef = 0494A2D42458809FF8D80179 /* AnalyticsView.swift */; };
		DADCDAD5017F81BA016FC08F /* MeetingAnalytics.swift in Sources */ = {isa = PBXBuildFile; fileRef = 1403B7314FB0030E8480F275 /* MeetingAnalytics.swift */; };
		EA2F3EB01D53AE75B6385C28 /* NoteTemplate.swift in Sources */ = {isa = PBXBuildFile; fileRef = EA0961512B341BA0EDDD9B04 /* NoteTemplate.swift */; };
		EA88AB7BEE41411BE8671586 /* Appearance.swift in Sources */ = {isa = PBXBuildFile; fileRef = 7F638D0E16D1ED040F67D2E3 /* Appearance.swift */; };
		F000FFED5FD26F6678218607 /* SemanticIndex.swift in Sources */ = {isa = PBXBuildFile; fileRef = 174CC79AFFA570A69F668ED7 /* SemanticIndex.swift */; };
		F1021699858160D81421F9AD /* AudioImporter.swift in Sources */ = {isa = PBXBuildFile; fileRef = C8E04134A4DAE2466B69AFC5 /* AudioImporter.swift */; };
		F3C3B78783A3B62692D27E72 /* MCPExport.swift in Sources */ = {isa = PBXBuildFile; fileRef = 1B7E724A547E02519C269253 /* MCPExport.swift */; };
		F746C01036B2E63A81F40FF5 /* GlobalChatView.swift in Sources */ = {isa = PBXBuildFile; fileRef = 322B7F648C41FA934EE9947B /* GlobalChatView.swift */; };
		FA954ED7A1D1FB96D61D66A6 /* UpdateChecker.swift in Sources */ = {isa = PBXBuildFile; fileRef = B67E40BA968681E468DA265C /* UpdateChecker.swift */; };
		FB07BE27A43C5C94135B943D /* ReminderScheduler.swift in Sources */ = {isa = PBXBuildFile; fileRef = 6F5A1F8DF9DDEC00FC196652 /* ReminderScheduler.swift */; };
		FCAD34285B9036731134BC9E /* TemplateEditorView.swift in Sources */ = {isa = PBXBuildFile; fileRef = 789BA1AE9C97D0F04D54F714 /* TemplateEditorView.swift */; };
		FF93E572A17C55745CE5D0C9 /* LMStudioClient.swift in Sources */ = {isa = PBXBuildFile; fileRef = F98006DBF5F5E236E33E4B3B /* LMStudioClient.swift */; };
/* End PBXBuildFile section */

/* Begin PBXFileReference section */
		0494A2D42458809FF8D80179 /* AnalyticsView.swift */ = {isa = PBXFileReference; lastKnownFileType = sourcecode.swift; path = AnalyticsView.swift; sourceTree = "<group>"; };
		05C050830C960DB84BDD8980 /* TranscriptionService.swift */ = {isa = PBXFileReference; lastKnownFileType = sourcecode.swift; path = TranscriptionService.swift; sourceTree = "<group>"; };
		0A6BFE4A8A318D4A7618FE04 /* StorageManager.swift */ = {isa = PBXFileReference; lastKnownFileType = sourcecode.swift; path = StorageManager.swift; sourceTree = "<group>"; };
		0B7F914179CAB4FB10CAB984 /* LiveHUD.swift */ = {isa = PBXFileReference; lastKnownFileType = sourcecode.swift; path = LiveHUD.swift; sourceTree = "<group>"; };
		0BD4B414C57A191099CE7D8A /* CalendarRefresher.swift */ = {isa = PBXFileReference; lastKnownFileType = sourcecode.swift; path = CalendarRefresher.swift; sourceTree = "<group>"; };
		0C253ABBBF8B5579014B4616 /* MeetingListView.swift */ = {isa = PBXFileReference; lastKnownFileType = sourcecode.swift; path = MeetingListView.swift; sourceTree = "<group>"; };
		1403B7314FB0030E8480F275 /* MeetingAnalytics.swift */ = {isa = PBXFileReference; lastKnownFileType = sourcecode.swift; path = MeetingAnalytics.swift; sourceTree = "<group>"; };
		158BF70845A30E889650292E /* Settings.swift */ = {isa = PBXFileReference; lastKnownFileType = sourcecode.swift; path = Settings.swift; sourceTree = "<group>"; };
		174CC79AFFA570A69F668ED7 /* SemanticIndex.swift */ = {isa = PBXFileReference; lastKnownFileType = sourcecode.swift; path = SemanticIndex.swift; sourceTree = "<group>"; };
		194BCBC5F51ED5846A3B711F /* DigestView.swift */ = {isa = PBXFileReference; lastKnownFileType = sourcecode.swift; path = DigestView.swift; sourceTree = "<group>"; };
		19C23D79D15AC8EED618A87B /* RecipesView.swift */ = {isa = PBXFileReference; lastKnownFileType = sourcecode.swift; path = RecipesView.swift; sourceTree = "<group>"; };
		19D6ABA1E7B47D44268FEAAB /* CalendarService.swift */ = {isa = PBXFileReference; lastKnownFileType = sourcecode.swift; path = CalendarService.swift; sourceTree = "<group>"; };
		1B7E724A547E02519C269253 /* MCPExport.swift */ = {isa = PBXFileReference; lastKnownFileType = sourcecode.swift; path = MCPExport.swift; sourceTree = "<group>"; };
		1F7E8EA9407EC44AEFDE8A6A /* SafeStore.swift */ = {isa = PBXFileReference; lastKnownFileType = sourcecode.swift; path = SafeStore.swift; sourceTree = "<group>"; };
		253C4D1A120E25A6341C7DAA /* KeyboardShortcutNames.swift */ = {isa = PBXFileReference; lastKnownFileType = sourcecode.swift; path = KeyboardShortcutNames.swift; sourceTree = "<group>"; };
		25498B2C677D5A0E3BE35EA8 /* Components.swift */ = {isa = PBXFileReference; lastKnownFileType = sourcecode.swift; path = Components.swift; sourceTree = "<group>"; };
		28E48F067D553A4F8A2EB627 /* NoteEnhancementService.swift */ = {isa = PBXFileReference; lastKnownFileType = sourcecode.swift; path = NoteEnhancementService.swift; sourceTree = "<group>"; };
		29DB43C6C1BCB43E06FA10B7 /* PreMeetingBriefView.swift */ = {isa = PBXFileReference; lastKnownFileType = sourcecode.swift; path = PreMeetingBriefView.swift; sourceTree = "<group>"; };
		2B6F771E6AC1F61D4108B2C4 /* TaskDates.swift */ = {isa = PBXFileReference; lastKnownFileType = sourcecode.swift; path = TaskDates.swift; sourceTree = "<group>"; };
		2DBBBF073E7C959400954924 /* OatmealMCP */ = {isa = PBXFileReference; includeInIndex = 0; path = OatmealMCP; sourceTree = BUILT_PRODUCTS_DIR; };
		322B7F648C41FA934EE9947B /* GlobalChatView.swift */ = {isa = PBXFileReference; lastKnownFileType = sourcecode.swift; path = GlobalChatView.swift; sourceTree = "<group>"; };
		32874E4CF4D261ACFB2D5F5F /* MeetingDetector.swift */ = {isa = PBXFileReference; lastKnownFileType = sourcecode.swift; path = MeetingDetector.swift; sourceTree = "<group>"; };
		366500D27A23ACEE85D3E8F3 /* Theme.swift */ = {isa = PBXFileReference; lastKnownFileType = sourcecode.swift; path = Theme.swift; sourceTree = "<group>"; };
		37C8741C1780E267D7C1FD84 /* CommandPaletteView.swift */ = {isa = PBXFileReference; lastKnownFileType = sourcecode.swift; path = CommandPaletteView.swift; sourceTree = "<group>"; };
		3FB3F9E812F5AACE7EDB35EB /* AudioPlayer.swift */ = {isa = PBXFileReference; lastKnownFileType = sourcecode.swift; path = AudioPlayer.swift; sourceTree = "<group>"; };
		426C3D69B6C0BFDD2FF93294 /* AudioCaptureEngine.swift */ = {isa = PBXFileReference; lastKnownFileType = sourcecode.swift; path = AudioCaptureEngine.swift; sourceTree = "<group>"; };
		42CC7EF6A597BD4704D9EE7F /* Oatmeal.entitlements */ = {isa = PBXFileReference; lastKnownFileType = text.plist.entitlements; path = Oatmeal.entitlements; sourceTree = "<group>"; };
		44399D95B05BAB1D95DFFE6F /* ExceptionCatcher.h */ = {isa = PBXFileReference; lastKnownFileType = sourcecode.c.h; path = ExceptionCatcher.h; sourceTree = "<group>"; };
		4F0CE0257BC6832AACB0CAEF /* DecisionsService.swift */ = {isa = PBXFileReference; lastKnownFileType = sourcecode.swift; path = DecisionsService.swift; sourceTree = "<group>"; };
		51D8BF1F116071B771C257A6 /* CoachingService.swift */ = {isa = PBXFileReference; lastKnownFileType = sourcecode.swift; path = CoachingService.swift; sourceTree = "<group>"; };
		51EC507B7989CB87BB6B0FDA /* Embeddings.swift */ = {isa = PBXFileReference; lastKnownFileType = sourcecode.swift; path = Embeddings.swift; sourceTree = "<group>"; };
		52E3F92A15CF2EDB551A6E7C /* AudioDevices.swift */ = {isa = PBXFileReference; lastKnownFileType = sourcecode.swift; path = AudioDevices.swift; sourceTree = "<group>"; };
		54F1E9C22991C03733F3433E /* RemindersService.swift */ = {isa = PBXFileReference; lastKnownFileType = sourcecode.swift; path = RemindersService.swift; sourceTree = "<group>"; };
		57EA9E8C25A49F3E46F7D9D0 /* Info.plist */ = {isa = PBXFileReference; lastKnownFileType = text.plist; path = Info.plist; sourceTree = "<group>"; };
		587B7FFA4E12B809189C4B7B /* RecordingCoordinator.swift */ = {isa = PBXFileReference; lastKnownFileType = sourcecode.swift; path = RecordingCoordinator.swift; sourceTree = "<group>"; };
		5E6B20000F1C6C1AEC95C4B4 /* StoreBackup.swift */ = {isa = PBXFileReference; lastKnownFileType = sourcecode.swift; path = StoreBackup.swift; sourceTree = "<group>"; };
		611B7473A8F91D9687867E06 /* MeetingChatView.swift */ = {isa = PBXFileReference; lastKnownFileType = sourcecode.swift; path = MeetingChatView.swift; sourceTree = "<group>"; };
		64EA6BDA434CB5424A3295D2 /* Models.swift */ = {isa = PBXFileReference; lastKnownFileType = sourcecode.swift; path = Models.swift; sourceTree = "<group>"; };
		65322AB0EE7BD3D3374D16FC /* Oatmeal-Bridging-Header.h */ = {isa = PBXFileReference; lastKnownFileType = sourcecode.c.h; path = "Oatmeal-Bridging-Header.h"; sourceTree = "<group>"; };
		656E9272ABA852EEE06F8786 /* NoteSourceMatcher.swift */ = {isa = PBXFileReference; lastKnownFileType = sourcecode.swift; path = NoteSourceMatcher.swift; sourceTree = "<group>"; };
		6E2FDF29CC5629A727E174DE /* TasksView.swift */ = {isa = PBXFileReference; lastKnownFileType = sourcecode.swift; path = TasksView.swift; sourceTree = "<group>"; };
		6E7C9ED555F0D68F61F574F7 /* ActionItemExtractor.swift */ = {isa = PBXFileReference; lastKnownFileType = sourcecode.swift; path = ActionItemExtractor.swift; sourceTree = "<group>"; };
		6F5A1F8DF9DDEC00FC196652 /* ReminderScheduler.swift */ = {isa = PBXFileReference; lastKnownFileType = sourcecode.swift; path = ReminderScheduler.swift; sourceTree = "<group>"; };
		72E9174BA49E9CA24DDBA8F3 /* WindowAccessor.swift */ = {isa = PBXFileReference; lastKnownFileType = sourcecode.swift; path = WindowAccessor.swift; sourceTree = "<group>"; };
		7344409CC130D51CEDED9C0B /* NotesEditor.swift */ = {isa = PBXFileReference; lastKnownFileType = sourcecode.swift; path = NotesEditor.swift; sourceTree = "<group>"; };
		789BA1AE9C97D0F04D54F714 /* TemplateEditorView.swift */ = {isa = PBXFileReference; lastKnownFileType = sourcecode.swift; path = TemplateEditorView.swift; sourceTree = "<group>"; };
		7F638D0E16D1ED040F67D2E3 /* Appearance.swift */ = {isa = PBXFileReference; lastKnownFileType = sourcecode.swift; path = Appearance.swift; sourceTree = "<group>"; };
		7F82B3B5692930722F52EA85 /* MeetingIdentity.swift */ = {isa = PBXFileReference; lastKnownFileType = sourcecode.swift; path = MeetingIdentity.swift; sourceTree = "<group>"; };
		814F6BC334938D0CE806680A /* TemplateProvider.swift */ = {isa = PBXFileReference; lastKnownFileType = sourcecode.swift; path = TemplateProvider.swift; sourceTree = "<group>"; };
		89FF7DA5E954AD48C093DB04 /* main.swift */ = {isa = PBXFileReference; lastKnownFileType = sourcecode.swift; path = main.swift; sourceTree = "<group>"; };
		8B1C357E9D66D27AD8D02897 /* LiveAssistService.swift */ = {isa = PBXFileReference; lastKnownFileType = sourcecode.swift; path = LiveAssistService.swift; sourceTree = "<group>"; };
		9074A9AE9F979D3FD354B025 /* Oatmeal.app */ = {isa = PBXFileReference; explicitFileType = wrapper.application; includeInIndex = 0; path = Oatmeal.app; sourceTree = BUILT_PRODUCTS_DIR; };
		91469BD532E68C326D46E942 /* WebhookService.swift */ = {isa = PBXFileReference; lastKnownFileType = sourcecode.swift; path = WebhookService.swift; sourceTree = "<group>"; };
		91BD65F9AF075FB3FFD33295 /* SettingsView.swift */ = {isa = PBXFileReference; lastKnownFileType = sourcecode.swift; path = SettingsView.swift; sourceTree = "<group>"; };
		9D4D355D23194E4FA30D8625 /* ModelProvisioner.swift */ = {isa = PBXFileReference; lastKnownFileType = sourcecode.swift; path = ModelProvisioner.swift; sourceTree = "<group>"; };
		A712D492DEDA68F8D0DBBA80 /* TemplateClassifier.swift */ = {isa = PBXFileReference; lastKnownFileType = sourcecode.swift; path = TemplateClassifier.swift; sourceTree = "<group>"; };
		A8E16CD566C7DE5D72DD842E /* MeetingStore.swift */ = {isa = PBXFileReference; lastKnownFileType = sourcecode.swift; path = MeetingStore.swift; sourceTree = "<group>"; };
		AD8718CB36011939D57FC340 /* RecipeService.swift */ = {isa = PBXFileReference; lastKnownFileType = sourcecode.swift; path = RecipeService.swift; sourceTree = "<group>"; };
		AF86482AF73B9F04F00FB627 /* PeopleView.swift */ = {isa = PBXFileReference; lastKnownFileType = sourcecode.swift; path = PeopleView.swift; sourceTree = "<group>"; };
		B250D59F36C5C57330B35A04 /* RootView.swift */ = {isa = PBXFileReference; lastKnownFileType = sourcecode.swift; path = RootView.swift; sourceTree = "<group>"; };
		B314097191660AAF620BF6CB /* OatmealApp.swift */ = {isa = PBXFileReference; lastKnownFileType = sourcecode.swift; path = OatmealApp.swift; sourceTree = "<group>"; };
		B67E40BA968681E468DA265C /* UpdateChecker.swift */ = {isa = PBXFileReference; lastKnownFileType = sourcecode.swift; path = UpdateChecker.swift; sourceTree = "<group>"; };
		B720EBE715B93F02D3D34342 /* MarkdownExporter.swift */ = {isa = PBXFileReference; lastKnownFileType = sourcecode.swift; path = MarkdownExporter.swift; sourceTree = "<group>"; };
		C174D819AD087A904B4CC1DD /* MenuBarView.swift */ = {isa = PBXFileReference; lastKnownFileType = sourcecode.swift; path = MenuBarView.swift; sourceTree = "<group>"; };
		C7B4B2FE53E8CE96715ED3B6 /* MeetingCitations.swift */ = {isa = PBXFileReference; lastKnownFileType = sourcecode.swift; path = MeetingCitations.swift; sourceTree = "<group>"; };
		C8E04134A4DAE2466B69AFC5 /* AudioImporter.swift */ = {isa = PBXFileReference; lastKnownFileType = sourcecode.swift; path = AudioImporter.swift; sourceTree = "<group>"; };
		CA10834CC47FBF94FB589724 /* DigestService.swift */ = {isa = PBXFileReference; lastKnownFileType = sourcecode.swift; path = DigestService.swift; sourceTree = "<group>"; };
		D0AFB7D3E78861C79281344E /* AudioHelpers.swift */ = {isa = PBXFileReference; lastKnownFileType = sourcecode.swift; path = AudioHelpers.swift; sourceTree = "<group>"; };
		D1BD196A5ACAF2644BCEC43F /* MeetingDetailView.swift */ = {isa = PBXFileReference; lastKnownFileType = sourcecode.swift; path = MeetingDetailView.swift; sourceTree = "<group>"; };
		D2F736DE11E4540F89E6322F /* MeetingTriageView.swift */ = {isa = PBXFileReference; lastKnownFileType = sourcecode.swift; path = MeetingTriageView.swift; sourceTree = "<group>"; };
		D52226C80C1670179C03E3FE /* UpcomingView.swift */ = {isa = PBXFileReference; lastKnownFileType = sourcecode.swift; path = UpcomingView.swift; sourceTree = "<group>"; };
		E1B4F9CD4881722638632993 /* ExceptionCatcher.m */ = {isa = PBXFileReference; lastKnownFileType = sourcecode.c.objc; path = ExceptionCatcher.m; sourceTree = "<group>"; };
		E1F0DAA6D329531313F427ED /* SummarizationService.swift */ = {isa = PBXFileReference; lastKnownFileType = sourcecode.swift; path = SummarizationService.swift; sourceTree = "<group>"; };
		E5300D70FF232A6310747D0A /* ChatService.swift */ = {isa = PBXFileReference; lastKnownFileType = sourcecode.swift; path = ChatService.swift; sourceTree = "<group>"; };
		E6F9B681891ACA0D08220900 /* OnboardingView.swift */ = {isa = PBXFileReference; lastKnownFileType = sourcecode.swift; path = OnboardingView.swift; sourceTree = "<group>"; };
		EA0961512B341BA0EDDD9B04 /* NoteTemplate.swift */ = {isa = PBXFileReference; lastKnownFileType = sourcecode.swift; path = NoteTemplate.swift; sourceTree = "<group>"; };
		ED795D392F19ACB8D7799D2E /* Log.swift */ = {isa = PBXFileReference; lastKnownFileType = sourcecode.swift; path = Log.swift; sourceTree = "<group>"; };
		F53137DE3F638F349F83AAAA /* ContentView.swift */ = {isa = PBXFileReference; lastKnownFileType = sourcecode.swift; path = ContentView.swift; sourceTree = "<group>"; };
		F98006DBF5F5E236E33E4B3B /* LMStudioClient.swift */ = {isa = PBXFileReference; lastKnownFileType = sourcecode.swift; path = LMStudioClient.swift; sourceTree = "<group>"; };
		FDC78EF34651125106142C85 /* DecisionsView.swift */ = {isa = PBXFileReference; lastKnownFileType = sourcecode.swift; path = DecisionsView.swift; sourceTree = "<group>"; };
		FDF9A07707154EE7020AC237 /* MeetingContextBuilder.swift */ = {isa = PBXFileReference; lastKnownFileType = sourcecode.swift; path = MeetingContextBuilder.swift; sourceTree = "<group>"; };
		FE6CC305A75ACC092F44027F /* Assets.xcassets */ = {isa = PBXFileReference; lastKnownFileType = folder.assetcatalog; path = Assets.xcassets; sourceTree = "<group>"; };
/* End PBXFileReference section */

/* Begin PBXFrameworksBuildPhase section */
		23809F0144EDFC3E1F3457A5 /* Frameworks */ = {
			isa = PBXFrameworksBuildPhase;
			buildActionMask = 2147483647;
			files = (
				5E0736A5B41196E01A12BF62 /* FluidAudio in Frameworks */,
				27A8748E740F1CAE4DF9CB28 /* KeyboardShortcuts in Frameworks */,
			);
			runOnlyForDeploymentPostprocessing = 0;
		};
/* End PBXFrameworksBuildPhase section */

/* Begin PBXGroup section */
		0C33FF237B42ACDDD217D585 /* Export */ = {
			isa = PBXGroup;
			children = (
				B720EBE715B93F02D3D34342 /* MarkdownExporter.swift */,
			);
			path = Export;
			sourceTree = "<group>";
		};
		12BD4FCC04E2CA2519D5483E /* Design */ = {
			isa = PBXGroup;
			children = (
				7F638D0E16D1ED040F67D2E3 /* Appearance.swift */,
				25498B2C677D5A0E3BE35EA8 /* Components.swift */,
				366500D27A23ACEE85D3E8F3 /* Theme.swift */,
			);
			path = Design;
			sourceTree = "<group>";
		};
		2F0ADEBB9E35B446395F245D /* Oatmeal */ = {
			isa = PBXGroup;
			children = (
				FE6CC305A75ACC092F44027F /* Assets.xcassets */,
				57EA9E8C25A49F3E46F7D9D0 /* Info.plist */,
				65322AB0EE7BD3D3374D16FC /* Oatmeal-Bridging-Header.h */,
				42CC7EF6A597BD4704D9EE7F /* Oatmeal.entitlements */,
				B314097191660AAF620BF6CB /* OatmealApp.swift */,
				33D9EFE5634E4FC143582D33 /* Analytics */,
				6890271F6059C049E6EA3B55 /* Audio */,
				34A46C71170374A5A40C5E8F /* Calendar */,
				90D459AA92A258E913845CC2 /* Coordinator */,
				12BD4FCC04E2CA2519D5483E /* Design */,
				B860817464A915AA9667E09A /* Detection */,
				63CE62D1DA15F2A60B707678 /* Diagnostics */,
				0C33FF237B42ACDDD217D585 /* Export */,
				88C78D02D50A68A34C5D3F94 /* Integrations */,
				59E930B6CCF55904A00AD12D /* MCP */,
				D0674CF79E484109DF1EB5EB /* Model */,
				4D3DB8AD22773DF39691FF95 /* Notifications */,
				4EA5575DA671E557D6813BB4 /* Onboarding */,
				BAC058A202598BF60B69B019 /* Search */,
				BDB88E0491C18DB908931B5D /* Shortcuts */,
				975F08BAA308F8CFD6431258 /* Summary */,
				E5748996B65ED9CACA50A7C6 /* Transcription */,
				7B9B79DC4265813B22070104 /* Views */,
			);
			path = Oatmeal;
			sourceTree = "<group>";
		};
		33D9EFE5634E4FC143582D33 /* Analytics */ = {
			isa = PBXGroup;
			children = (
				1403B7314FB0030E8480F275 /* MeetingAnalytics.swift */,
			);
			path = Analytics;
			sourceTree = "<group>";
		};
		34A46C71170374A5A40C5E8F /* Calendar */ = {
			isa = PBXGroup;
			children = (
				0BD4B414C57A191099CE7D8A /* CalendarRefresher.swift */,
				19D6ABA1E7B47D44268FEAAB /* CalendarService.swift */,
			);
			path = Calendar;
			sourceTree = "<group>";
		};
		4D3DB8AD22773DF39691FF95 /* Notifications */ = {
			isa = PBXGroup;
			children = (
				6F5A1F8DF9DDEC00FC196652 /* ReminderScheduler.swift */,
			);
			path = Notifications;
			sourceTree = "<group>";
		};
		4EA5575DA671E557D6813BB4 /* Onboarding */ = {
			isa = PBXGroup;
			children = (
				E6F9B681891ACA0D08220900 /* OnboardingView.swift */,
			);
			path = Onboarding;
			sourceTree = "<group>";
		};
		59E930B6CCF55904A00AD12D /* MCP */ = {
			isa = PBXGroup;
			children = (
				1B7E724A547E02519C269253 /* MCPExport.swift */,
			);
			path = MCP;
			sourceTree = "<group>";
		};
		63CE62D1DA15F2A60B707678 /* Diagnostics */ = {
			isa = PBXGroup;
			children = (
				44399D95B05BAB1D95DFFE6F /* ExceptionCatcher.h */,
				E1B4F9CD4881722638632993 /* ExceptionCatcher.m */,
				ED795D392F19ACB8D7799D2E /* Log.swift */,
				B67E40BA968681E468DA265C /* UpdateChecker.swift */,
			);
			path = Diagnostics;
			sourceTree = "<group>";
		};
		6890271F6059C049E6EA3B55 /* Audio */ = {
			isa = PBXGroup;
			children = (
				426C3D69B6C0BFDD2FF93294 /* AudioCaptureEngine.swift */,
				52E3F92A15CF2EDB551A6E7C /* AudioDevices.swift */,
				D0AFB7D3E78861C79281344E /* AudioHelpers.swift */,
				C8E04134A4DAE2466B69AFC5 /* AudioImporter.swift */,
				3FB3F9E812F5AACE7EDB35EB /* AudioPlayer.swift */,
			);
			path = Audio;
			sourceTree = "<group>";
		};
		786CD5E0323E660AF8F483AF /* Products */ = {
			isa = PBXGroup;
			children = (
				9074A9AE9F979D3FD354B025 /* Oatmeal.app */,
				2DBBBF073E7C959400954924 /* OatmealMCP */,
			);
			name = Products;
			sourceTree = "<group>";
		};
		7B9B79DC4265813B22070104 /* Views */ = {
			isa = PBXGroup;
			children = (
				0494A2D42458809FF8D80179 /* AnalyticsView.swift */,
				37C8741C1780E267D7C1FD84 /* CommandPaletteView.swift */,
				F53137DE3F638F349F83AAAA /* ContentView.swift */,
				FDC78EF34651125106142C85 /* DecisionsView.swift */,
				194BCBC5F51ED5846A3B711F /* DigestView.swift */,
				322B7F648C41FA934EE9947B /* GlobalChatView.swift */,
				0B7F914179CAB4FB10CAB984 /* LiveHUD.swift */,
				611B7473A8F91D9687867E06 /* MeetingChatView.swift */,
				D1BD196A5ACAF2644BCEC43F /* MeetingDetailView.swift */,
				0C253ABBBF8B5579014B4616 /* MeetingListView.swift */,
				D2F736DE11E4540F89E6322F /* MeetingTriageView.swift */,
				C174D819AD087A904B4CC1DD /* MenuBarView.swift */,
				7344409CC130D51CEDED9C0B /* NotesEditor.swift */,
				AF86482AF73B9F04F00FB627 /* PeopleView.swift */,
				29DB43C6C1BCB43E06FA10B7 /* PreMeetingBriefView.swift */,
				19C23D79D15AC8EED618A87B /* RecipesView.swift */,
				B250D59F36C5C57330B35A04 /* RootView.swift */,
				91BD65F9AF075FB3FFD33295 /* SettingsView.swift */,
				6E2FDF29CC5629A727E174DE /* TasksView.swift */,
				789BA1AE9C97D0F04D54F714 /* TemplateEditorView.swift */,
				D52226C80C1670179C03E3FE /* UpcomingView.swift */,
				72E9174BA49E9CA24DDBA8F3 /* WindowAccessor.swift */,
			);
			path = Views;
			sourceTree = "<group>";
		};
		84C8BAD19DD140F7B6440C66 = {
			isa = PBXGroup;
			children = (
				2F0ADEBB9E35B446395F245D /* Oatmeal */,
				AECC436125F91B48FE1657CE /* OatmealMCP */,
				786CD5E0323E660AF8F483AF /* Products */,
			);
			sourceTree = "<group>";
		};
		88C78D02D50A68A34C5D3F94 /* Integrations */ = {
			isa = PBXGroup;
			children = (
				54F1E9C22991C03733F3433E /* RemindersService.swift */,
				91469BD532E68C326D46E942 /* WebhookService.swift */,
			);
			path = Integrations;
			sourceTree = "<group>";
		};
		90D459AA92A258E913845CC2 /* Coordinator */ = {
			isa = PBXGroup;
			children = (
				587B7FFA4E12B809189C4B7B /* RecordingCoordinator.swift */,
			);
			path = Coordinator;
			sourceTree = "<group>";
		};
		975F08BAA308F8CFD6431258 /* Summary */ = {
			isa = PBXGroup;
			children = (
				6E7C9ED555F0D68F61F574F7 /* ActionItemExtractor.swift */,
				E5300D70FF232A6310747D0A /* ChatService.swift */,
				51D8BF1F116071B771C257A6 /* CoachingService.swift */,
				4F0CE0257BC6832AACB0CAEF /* DecisionsService.swift */,
				CA10834CC47FBF94FB589724 /* DigestService.swift */,
				8B1C357E9D66D27AD8D02897 /* LiveAssistService.swift */,
				F98006DBF5F5E236E33E4B3B /* LMStudioClient.swift */,
				7F82B3B5692930722F52EA85 /* MeetingIdentity.swift */,
				28E48F067D553A4F8A2EB627 /* NoteEnhancementService.swift */,
				AD8718CB36011939D57FC340 /* RecipeService.swift */,
				158BF70845A30E889650292E /* Settings.swift */,
				E1F0DAA6D329531313F427ED /* SummarizationService.swift */,
				A712D492DEDA68F8D0DBBA80 /* TemplateClassifier.swift */,
			);
			path = Summary;
			sourceTree = "<group>";
		};
		AECC436125F91B48FE1657CE /* OatmealMCP */ = {
			isa = PBXGroup;
			children = (
				89FF7DA5E954AD48C093DB04 /* main.swift */,
			);
			path = OatmealMCP;
			sourceTree = "<group>";
		};
		B860817464A915AA9667E09A /* Detection */ = {
			isa = PBXGroup;
			children = (
				32874E4CF4D261ACFB2D5F5F /* MeetingDetector.swift */,
			);
			path = Detection;
			sourceTree = "<group>";
		};
		BAC058A202598BF60B69B019 /* Search */ = {
			isa = PBXGroup;
			children = (
				51EC507B7989CB87BB6B0FDA /* Embeddings.swift */,
				C7B4B2FE53E8CE96715ED3B6 /* MeetingCitations.swift */,
				FDF9A07707154EE7020AC237 /* MeetingContextBuilder.swift */,
				656E9272ABA852EEE06F8786 /* NoteSourceMatcher.swift */,
				174CC79AFFA570A69F668ED7 /* SemanticIndex.swift */,
			);
			path = Search;
			sourceTree = "<group>";
		};
		BDB88E0491C18DB908931B5D /* Shortcuts */ = {
			isa = PBXGroup;
			children = (
				253C4D1A120E25A6341C7DAA /* KeyboardShortcutNames.swift */,
			);
			path = Shortcuts;
			sourceTree = "<group>";
		};
		D0674CF79E484109DF1EB5EB /* Model */ = {
			isa = PBXGroup;
			children = (
				A8E16CD566C7DE5D72DD842E /* MeetingStore.swift */,
				64EA6BDA434CB5424A3295D2 /* Models.swift */,
				EA0961512B341BA0EDDD9B04 /* NoteTemplate.swift */,
				1F7E8EA9407EC44AEFDE8A6A /* SafeStore.swift */,
				0A6BFE4A8A318D4A7618FE04 /* StorageManager.swift */,
				5E6B20000F1C6C1AEC95C4B4 /* StoreBackup.swift */,
				2B6F771E6AC1F61D4108B2C4 /* TaskDates.swift */,
				814F6BC334938D0CE806680A /* TemplateProvider.swift */,
			);
			path = Model;
			sourceTree = "<group>";
		};
		E5748996B65ED9CACA50A7C6 /* Transcription */ = {
			isa = PBXGroup;
			children = (
				9D4D355D23194E4FA30D8625 /* ModelProvisioner.swift */,
				05C050830C960DB84BDD8980 /* TranscriptionService.swift */,
			);
			path = Transcription;
			sourceTree = "<group>";
		};
/* End PBXGroup section */

/* Begin PBXNativeTarget section */
		0E216D3899F42EB77B34A479 /* Oatmeal */ = {
			isa = PBXNativeTarget;
			buildConfigurationList = 79171EBAEC2EEB1470CB5578 /* Build configuration list for PBXNativeTarget "Oatmeal" */;
			buildPhases = (
				E053EE1D6EF3888BE812FB43 /* Sources */,
				27487FD694748AB4C0623D44 /* Resources */,
				23809F0144EDFC3E1F3457A5 /* Frameworks */,
			);
			buildRules = (
			);
			dependencies = (
			);
			name = Oatmeal;
			packageProductDependencies = (
				10396361FABAB8C2CBDCE9BF /* FluidAudio */,
				AA95757345E9D3D49DF53390 /* KeyboardShortcuts */,
			);
			productName = Oatmeal;
			productReference = 9074A9AE9F979D3FD354B025 /* Oatmeal.app */;
			productType = "com.apple.product-type.application";
		};
		B2843498109E8FED9A818B7B /* OatmealMCP */ = {
			isa = PBXNativeTarget;
			buildConfigurationList = 2869973E09F09AB46EB665F1 /* Build configuration list for PBXNativeTarget "OatmealMCP" */;
			buildPhases = (
				5D46452D3105F66573C11FF6 /* Sources */,
			);
			buildRules = (
			);
			dependencies = (
			);
			name = OatmealMCP;
			packageProductDependencies = (
			);
			productName = OatmealMCP;
			productReference = 2DBBBF073E7C959400954924 /* OatmealMCP */;
			productType = "com.apple.product-type.tool";
		};
/* End PBXNativeTarget section */

/* Begin PBXProject section */
		1E44A4A175876521E1515B0B /* Project object */ = {
			isa = PBXProject;
			attributes = {
				BuildIndependentTargetsInParallel = YES;
				LastUpgradeCheck = 1430;
				TargetAttributes = {
					0E216D3899F42EB77B34A479 = {
						DevelopmentTeam = "";
						ProvisioningStyle = Manual;
					};
					B2843498109E8FED9A818B7B = {
						ProvisioningStyle = Manual;
					};
				};
			};
			buildConfigurationList = C3C0DDF4CD27400408403290 /* Build configuration list for PBXProject "Oatmeal" */;
			developmentRegion = en;
			hasScannedForEncodings = 0;
			knownRegions = (
				Base,
				en,
			);
			mainGroup = 84C8BAD19DD140F7B6440C66;
			minimizedProjectReferenceProxies = 1;
			packageReferences = (
				A8DC1CDC7713B55B71B22252 /* XCRemoteSwiftPackageReference "FluidAudio" */,
				1B097BBC22B6168E0849F9DC /* XCRemoteSwiftPackageReference "KeyboardShortcuts" */,
			);
			preferredProjectObjectVersion = 77;
			productRefGroup = 786CD5E0323E660AF8F483AF /* Products */;
			projectDirPath = "";
			projectRoot = "";
			targets = (
				0E216D3899F42EB77B34A479 /* Oatmeal */,
				B2843498109E8FED9A818B7B /* OatmealMCP */,
			);
		};
/* End PBXProject section */

/* Begin PBXResourcesBuildPhase section */
		27487FD694748AB4C0623D44 /* Resources */ = {
			isa = PBXResourcesBuildPhase;
			buildActionMask = 2147483647;
			files = (
				3319A43E631207361EFF3A95 /* Assets.xcassets in Resources */,
			);
			runOnlyForDeploymentPostprocessing = 0;
		};
/* End PBXResourcesBuildPhase section */

/* Begin PBXSourcesBuildPhase section */
		5D46452D3105F66573C11FF6 /* Sources */ = {
			isa = PBXSourcesBuildPhase;
			buildActionMask = 2147483647;
			files = (
				21D0DF9BB9D2350606FE4612 /* main.swift in Sources */,
			);
			runOnlyForDeploymentPostprocessing = 0;
		};
		E053EE1D6EF3888BE812FB43 /* Sources */ = {
			isa = PBXSourcesBuildPhase;
			buildActionMask = 2147483647;
			files = (
				5337C84B475946B5A73EA3E2 /* ActionItemExtractor.swift in Sources */,
				D97730498983CBD0204AF091 /* AnalyticsView.swift in Sources */,
				EA88AB7BEE41411BE8671586 /* Appearance.swift in Sources */,
				643BE2D18D2EC612CC40A54B /* AudioCaptureEngine.swift in Sources */,
				6F7AA112849A65A8206623C8 /* AudioDevices.swift in Sources */,
				9CB5ED51696CD6918415720A /* AudioHelpers.swift in Sources */,
				F1021699858160D81421F9AD /* AudioImporter.swift in Sources */,
				6397729528D117D94EE594AD /* AudioPlayer.swift in Sources */,
				68D2833933651673632A0B09 /* CalendarRefresher.swift in Sources */,
				48D6EDB1B132DD18F4CAD884 /* CalendarService.swift in Sources */,
				01D0DE721F00C140FE178AB1 /* ChatService.swift in Sources */,
				C21B21A2F4B19D850EDEB575 /* CoachingService.swift in Sources */,
				0AB41EBDC0EC67593B083164 /* CommandPaletteView.swift in Sources */,
				28A6F95BFC1F37EEF707177A /* Components.swift in Sources */,
				94DC55FD82913DD568C905AE /* ContentView.swift in Sources */,
				CB97C5D89B04CF48B8BC8258 /* DecisionsService.swift in Sources */,
				820164CE9DC55556345C4D1E /* DecisionsView.swift in Sources */,
				AE6C1DC09909234DE9B3D7B3 /* DigestService.swift in Sources */,
				882D36CBE8FD18D923A38FBE /* DigestView.swift in Sources */,
				1EBCEC7AA441253AEC0FA2E1 /* Embeddings.swift in Sources */,
				D02AB79A4C9D9DF3E0E9C970 /* ExceptionCatcher.m in Sources */,
				F746C01036B2E63A81F40FF5 /* GlobalChatView.swift in Sources */,
				C61A016F8C8CDF759011E8C1 /* KeyboardShortcutNames.swift in Sources */,
				FF93E572A17C55745CE5D0C9 /* LMStudioClient.swift in Sources */,
				4ACDDECF375D45EE31A4F733 /* LiveAssistService.swift in Sources */,
				6B8A895F8053148624A25544 /* LiveHUD.swift in Sources */,
				A88E64791ECFE843F62CA9AA /* Log.swift in Sources */,
				F3C3B78783A3B62692D27E72 /* MCPExport.swift in Sources */,
				A641E4D456841E0ED50CA24C /* MarkdownExporter.swift in Sources */,
				DADCDAD5017F81BA016FC08F /* MeetingAnalytics.swift in Sources */,
				D5223CB47F898BCDC50A36F9 /* MeetingChatView.swift in Sources */,
				9DD2990BCDE34D9FF36B71AB /* MeetingCitations.swift in Sources */,
				047D1DF45A92A5053C93DDC7 /* MeetingContextBuilder.swift in Sources */,
				54821D49CD83B672D3899E60 /* MeetingDetailView.swift in Sources */,
				AE90D5CFF8F056907A55C198 /* MeetingDetector.swift in Sources */,
				70F0493960DB973B9BF27473 /* MeetingIdentity.swift in Sources */,
				D6C4E4E2E066E20A6FCD1B48 /* MeetingListView.swift in Sources */,
				C760C5ED22E4C66D76AEFB32 /* MeetingStore.swift in Sources */,
				D6E03116BE79F63B5D1B703A /* MeetingTriageView.swift in Sources */,
				52FD702F678F17274AA40412 /* MenuBarView.swift in Sources */,
				99C70F8C83D5144DA9B2E03E /* ModelProvisioner.swift in Sources */,
				55489D0C3CE6CC85468E7BE8 /* Models.swift in Sources */,
				3D2B82FEC0F146AC6E91F1D6 /* NoteEnhancementService.swift in Sources */,
				63087AAF17A0D60072B6848A /* NoteSourceMatcher.swift in Sources */,
				EA2F3EB01D53AE75B6385C28 /* NoteTemplate.swift in Sources */,
				69FBF97E7EE697867252F6C9 /* NotesEditor.swift in Sources */,
				BC399F5FAD149E3F629821D8 /* OatmealApp.swift in Sources */,
				1C53704F208B4354355B323C /* OnboardingView.swift in Sources */,
				0074DD6412B95A7789E1CC78 /* PeopleView.swift in Sources */,
				AEB44671EA6D62B3E097DE10 /* PreMeetingBriefView.swift in Sources */,
				8BEE9D6D33541A748D7DB2B0 /* RecipeService.swift in Sources */,
				69C826605A5E880C04EE9E05 /* RecipesView.swift in Sources */,
				44354F9DF3EC6CAF78F3ECD6 /* RecordingCoordinator.swift in Sources */,
				FB07BE27A43C5C94135B943D /* ReminderScheduler.swift in Sources */,
				4100CA0EB8A5D506AFA9FE90 /* RemindersService.swift in Sources */,
				C224E7A6CF8FAC029D0C5C28 /* RootView.swift in Sources */,
				724EF681B717A27E740D8FE1 /* SafeStore.swift in Sources */,
				F000FFED5FD26F6678218607 /* SemanticIndex.swift in Sources */,
				0CB4CA61CF27B27F5B88A9F8 /* Settings.swift in Sources */,
				585BC7EDDDF2CE42E3867025 /* SettingsView.swift in Sources */,
				BDCBBB94B8A4FA93DC941FA3 /* StorageManager.swift in Sources */,
				B3EF535F7A9CBD87FCB262F2 /* StoreBackup.swift in Sources */,
				B85691E7F9921AB48A09A750 /* SummarizationService.swift in Sources */,
				9B276DC47F64976103DFC4BF /* TaskDates.swift in Sources */,
				CE261B2C90221D696F9A8F8B /* TasksView.swift in Sources */,
				D61A60CED07D8DE645120991 /* TemplateClassifier.swift in Sources */,
				FCAD34285B9036731134BC9E /* TemplateEditorView.swift in Sources */,
				454CE05917FDC1CA8A89AE95 /* TemplateProvider.swift in Sources */,
				216DAD825A06A8D1CA2B35A1 /* Theme.swift in Sources */,
				34D861F6FF382F9D1986411A /* TranscriptionService.swift in Sources */,
				7836346033E5E83F3163BCD8 /* UpcomingView.swift in Sources */,
				FA954ED7A1D1FB96D61D66A6 /* UpdateChecker.swift in Sources */,
				000797135691E266201188C4 /* WebhookService.swift in Sources */,
				A4AE60EF1E79DCF19982BE4B /* WindowAccessor.swift in Sources */,
			);
			runOnlyForDeploymentPostprocessing = 0;
		};
/* End PBXSourcesBuildPhase section */

/* Begin XCBuildConfiguration section */
		223B9C6984A6B572B86916D4 /* Release */ = {
			isa = XCBuildConfiguration;
			buildSettings = {
				CODE_SIGN_IDENTITY = "-";
				CODE_SIGN_STYLE = Manual;
				COMBINE_HIDPI_IMAGES = YES;
				ENABLE_HARDENED_RUNTIME = NO;
				LD_RUNPATH_SEARCH_PATHS = (
					"$(inherited)",
					"@executable_path/../Frameworks",
				);
				MACOSX_DEPLOYMENT_TARGET = 14.0;
				PRODUCT_BUNDLE_IDENTIFIER = com.oatmeal.OatmealMCP;
				PRODUCT_NAME = "oatmeal-mcp";
				SDKROOT = macosx;
				SWIFT_VERSION = 5.0;
			};
			name = Release;
		};
		22BD25851D57A953760F2DBB /* Debug */ = {
			isa = XCBuildConfiguration;
			buildSettings = {
				ASSETCATALOG_COMPILER_APPICON_NAME = AppIcon;
				ASSETCATALOG_COMPILER_GENERATE_ASSET_SYMBOLS = NO;
				CLANG_ENABLE_MODULES = YES;
				CODE_SIGN_ENTITLEMENTS = Oatmeal/Oatmeal.entitlements;
				CODE_SIGN_IDENTITY = "-";
				CODE_SIGN_STYLE = Manual;
				COMBINE_HIDPI_IMAGES = YES;
				CURRENT_PROJECT_VERSION = 1;
				DEVELOPMENT_TEAM = "";
				ENABLE_HARDENED_RUNTIME = NO;
				GENERATE_INFOPLIST_FILE = NO;
				INFOPLIST_FILE = Oatmeal/Info.plist;
				LD_RUNPATH_SEARCH_PATHS = (
					"$(inherited)",
					"@executable_path/../Frameworks",
				);
				MACOSX_DEPLOYMENT_TARGET = 14.0;
				MARKETING_VERSION = 0.1.0;
				PRODUCT_BUNDLE_IDENTIFIER = com.oatmeal.Oatmeal;
				PRODUCT_NAME = Oatmeal;
				SDKROOT = macosx;
				SWIFT_OBJC_BRIDGING_HEADER = "Oatmeal/Oatmeal-Bridging-Header.h";
				SWIFT_VERSION = 5.0;
			};
			name = Debug;
		};
		48CC9DDC4BA1E512355E29C4 /* Debug */ = {
			isa = XCBuildConfiguration;
			buildSettings = {
				ALWAYS_SEARCH_USER_PATHS = NO;
				CLANG_ANALYZER_NONNULL = YES;
				CLANG_ANALYZER_NUMBER_OBJECT_CONVERSION = YES_AGGRESSIVE;
				CLANG_CXX_LANGUAGE_STANDARD = "gnu++14";
				CLANG_CXX_LIBRARY = "libc++";
				CLANG_ENABLE_MODULES = YES;
				CLANG_ENABLE_OBJC_ARC = YES;
				CLANG_ENABLE_OBJC_WEAK = YES;
				CLANG_WARN_BLOCK_CAPTURE_AUTORELEASING = YES;
				CLANG_WARN_BOOL_CONVERSION = YES;
				CLANG_WARN_COMMA = YES;
				CLANG_WARN_CONSTANT_CONVERSION = YES;
				CLANG_WARN_DEPRECATED_OBJC_IMPLEMENTATIONS = YES;
				CLANG_WARN_DIRECT_OBJC_ISA_USAGE = YES_ERROR;
				CLANG_WARN_DOCUMENTATION_COMMENTS = YES;
				CLANG_WARN_EMPTY_BODY = YES;
				CLANG_WARN_ENUM_CONVERSION = YES;
				CLANG_WARN_INFINITE_RECURSION = YES;
				CLANG_WARN_INT_CONVERSION = YES;
				CLANG_WARN_NON_LITERAL_NULL_CONVERSION = YES;
				CLANG_WARN_OBJC_IMPLICIT_RETAIN_SELF = YES;
				CLANG_WARN_OBJC_LITERAL_CONVERSION = YES;
				CLANG_WARN_OBJC_ROOT_CLASS = YES_ERROR;
				CLANG_WARN_QUOTED_INCLUDE_IN_FRAMEWORK_HEADER = YES;
				CLANG_WARN_RANGE_LOOP_ANALYSIS = YES;
				CLANG_WARN_STRICT_PROTOTYPES = YES;
				CLANG_WARN_SUSPICIOUS_MOVE = YES;
				CLANG_WARN_UNGUARDED_AVAILABILITY = YES_AGGRESSIVE;
				CLANG_WARN_UNREACHABLE_CODE = YES;
				CLANG_WARN__DUPLICATE_METHOD_MATCH = YES;
				COPY_PHASE_STRIP = NO;
				DEBUG_INFORMATION_FORMAT = dwarf;
				ENABLE_STRICT_OBJC_MSGSEND = YES;
				ENABLE_TESTABILITY = YES;
				GCC_C_LANGUAGE_STANDARD = gnu11;
				GCC_DYNAMIC_NO_PIC = NO;
				GCC_NO_COMMON_BLOCKS = YES;
				GCC_OPTIMIZATION_LEVEL = 0;
				GCC_PREPROCESSOR_DEFINITIONS = (
					"$(inherited)",
					"DEBUG=1",
				);
				GCC_WARN_64_TO_32_BIT_CONVERSION = YES;
				GCC_WARN_ABOUT_RETURN_TYPE = YES_ERROR;
				GCC_WARN_UNDECLARED_SELECTOR = YES;
				GCC_WARN_UNINITIALIZED_AUTOS = YES_AGGRESSIVE;
				GCC_WARN_UNUSED_FUNCTION = YES;
				GCC_WARN_UNUSED_VARIABLE = YES;
				MACOSX_DEPLOYMENT_TARGET = 14.0;
				MTL_ENABLE_DEBUG_INFO = INCLUDE_SOURCE;
				MTL_FAST_MATH = YES;
				ONLY_ACTIVE_ARCH = YES;
				PRODUCT_NAME = "$(TARGET_NAME)";
				SDKROOT = macosx;
				SWIFT_ACTIVE_COMPILATION_CONDITIONS = DEBUG;
				SWIFT_OPTIMIZATION_LEVEL = "-Onone";
				SWIFT_VERSION = 5.0;
			};
			name = Debug;
		};
		891B404E41757818CAEE2ECA /* Release */ = {
			isa = XCBuildConfiguration;
			buildSettings = {
				ASSETCATALOG_COMPILER_APPICON_NAME = AppIcon;
				ASSETCATALOG_COMPILER_GENERATE_ASSET_SYMBOLS = NO;
				CLANG_ENABLE_MODULES = YES;
				CODE_SIGN_ENTITLEMENTS = Oatmeal/Oatmeal.entitlements;
				CODE_SIGN_IDENTITY = "-";
				CODE_SIGN_STYLE = Manual;
				COMBINE_HIDPI_IMAGES = YES;
				CURRENT_PROJECT_VERSION = 1;
				DEVELOPMENT_TEAM = "";
				ENABLE_HARDENED_RUNTIME = NO;
				GENERATE_INFOPLIST_FILE = NO;
				INFOPLIST_FILE = Oatmeal/Info.plist;
				LD_RUNPATH_SEARCH_PATHS = (
					"$(inherited)",
					"@executable_path/../Frameworks",
				);
				MACOSX_DEPLOYMENT_TARGET = 14.0;
				MARKETING_VERSION = 0.1.0;
				PRODUCT_BUNDLE_IDENTIFIER = com.oatmeal.Oatmeal;
				PRODUCT_NAME = Oatmeal;
				SDKROOT = macosx;
				SWIFT_OBJC_BRIDGING_HEADER = "Oatmeal/Oatmeal-Bridging-Header.h";
				SWIFT_VERSION = 5.0;
			};
			name = Release;
		};
		B081289680B1B6B669A8B74B /* Debug */ = {
			isa = XCBuildConfiguration;
			buildSettings = {
				CODE_SIGN_IDENTITY = "-";
				CODE_SIGN_STYLE = Manual;
				COMBINE_HIDPI_IMAGES = YES;
				ENABLE_HARDENED_RUNTIME = NO;
				LD_RUNPATH_SEARCH_PATHS = (
					"$(inherited)",
					"@executable_path/../Frameworks",
				);
				MACOSX_DEPLOYMENT_TARGET = 14.0;
				PRODUCT_BUNDLE_IDENTIFIER = com.oatmeal.OatmealMCP;
				PRODUCT_NAME = "oatmeal-mcp";
				SDKROOT = macosx;
				SWIFT_VERSION = 5.0;
			};
			name = Debug;
		};
		DD36A9D93A74AD396A643F35 /* Release */ = {
			isa = XCBuildConfiguration;
			buildSettings = {
				ALWAYS_SEARCH_USER_PATHS = NO;
				CLANG_ANALYZER_NONNULL = YES;
				CLANG_ANALYZER_NUMBER_OBJECT_CONVERSION = YES_AGGRESSIVE;
				CLANG_CXX_LANGUAGE_STANDARD = "gnu++14";
				CLANG_CXX_LIBRARY = "libc++";
				CLANG_ENABLE_MODULES = YES;
				CLANG_ENABLE_OBJC_ARC = YES;
				CLANG_ENABLE_OBJC_WEAK = YES;
				CLANG_WARN_BLOCK_CAPTURE_AUTORELEASING = YES;
				CLANG_WARN_BOOL_CONVERSION = YES;
				CLANG_WARN_COMMA = YES;
				CLANG_WARN_CONSTANT_CONVERSION = YES;
				CLANG_WARN_DEPRECATED_OBJC_IMPLEMENTATIONS = YES;
				CLANG_WARN_DIRECT_OBJC_ISA_USAGE = YES_ERROR;
				CLANG_WARN_DOCUMENTATION_COMMENTS = YES;
				CLANG_WARN_EMPTY_BODY = YES;
				CLANG_WARN_ENUM_CONVERSION = YES;
				CLANG_WARN_INFINITE_RECURSION = YES;
				CLANG_WARN_INT_CONVERSION = YES;
				CLANG_WARN_NON_LITERAL_NULL_CONVERSION = YES;
				CLANG_WARN_OBJC_IMPLICIT_RETAIN_SELF = YES;
				CLANG_WARN_OBJC_LITERAL_CONVERSION = YES;
				CLANG_WARN_OBJC_ROOT_CLASS = YES_ERROR;
				CLANG_WARN_QUOTED_INCLUDE_IN_FRAMEWORK_HEADER = YES;
				CLANG_WARN_RANGE_LOOP_ANALYSIS = YES;
				CLANG_WARN_STRICT_PROTOTYPES = YES;
				CLANG_WARN_SUSPICIOUS_MOVE = YES;
				CLANG_WARN_UNGUARDED_AVAILABILITY = YES_AGGRESSIVE;
				CLANG_WARN_UNREACHABLE_CODE = YES;
				CLANG_WARN__DUPLICATE_METHOD_MATCH = YES;
				COPY_PHASE_STRIP = NO;
				DEBUG_INFORMATION_FORMAT = "dwarf-with-dsym";
				ENABLE_NS_ASSERTIONS = NO;
				ENABLE_STRICT_OBJC_MSGSEND = YES;
				GCC_C_LANGUAGE_STANDARD = gnu11;
				GCC_NO_COMMON_BLOCKS = YES;
				GCC_WARN_64_TO_32_BIT_CONVERSION = YES;
				GCC_WARN_ABOUT_RETURN_TYPE = YES_ERROR;
				GCC_WARN_UNDECLARED_SELECTOR = YES;
				GCC_WARN_UNINITIALIZED_AUTOS = YES_AGGRESSIVE;
				GCC_WARN_UNUSED_FUNCTION = YES;
				GCC_WARN_UNUSED_VARIABLE = YES;
				MACOSX_DEPLOYMENT_TARGET = 14.0;
				MTL_ENABLE_DEBUG_INFO = NO;
				MTL_FAST_MATH = YES;
				PRODUCT_NAME = "$(TARGET_NAME)";
				SDKROOT = macosx;
				SWIFT_COMPILATION_MODE = wholemodule;
				SWIFT_OPTIMIZATION_LEVEL = "-O";
				SWIFT_VERSION = 5.0;
			};
			name = Release;
		};
/* End XCBuildConfiguration section */

/* Begin XCConfigurationList section */
		2869973E09F09AB46EB665F1 /* Build configuration list for PBXNativeTarget "OatmealMCP" */ = {
			isa = XCConfigurationList;
			buildConfigurations = (
				B081289680B1B6B669A8B74B /* Debug */,
				223B9C6984A6B572B86916D4 /* Release */,
			);
			defaultConfigurationIsVisible = 0;
			defaultConfigurationName = Debug;
		};
		79171EBAEC2EEB1470CB5578 /* Build configuration list for PBXNativeTarget "Oatmeal" */ = {
			isa = XCConfigurationList;
			buildConfigurations = (
				22BD25851D57A953760F2DBB /* Debug */,
				891B404E41757818CAEE2ECA /* Release */,
			);
			defaultConfigurationIsVisible = 0;
			defaultConfigurationName = Debug;
		};
		C3C0DDF4CD27400408403290 /* Build configuration list for PBXProject "Oatmeal" */ = {
			isa = XCConfigurationList;
			buildConfigurations = (
				48CC9DDC4BA1E512355E29C4 /* Debug */,
				DD36A9D93A74AD396A643F35 /* Release */,
			);
			defaultConfigurationIsVisible = 0;
			defaultConfigurationName = Debug;
		};
/* End XCConfigurationList section */

/* Begin XCRemoteSwiftPackageReference section */
		1B097BBC22B6168E0849F9DC /* XCRemoteSwiftPackageReference "KeyboardShortcuts" */ = {
			isa = XCRemoteSwiftPackageReference;
			repositoryURL = "https://github.com/sindresorhus/KeyboardShortcuts.git";
			requirement = {
				kind = upToNextMajorVersion;
				minimumVersion = 2.0.0;
			};
		};
		A8DC1CDC7713B55B71B22252 /* XCRemoteSwiftPackageReference "FluidAudio" */ = {
			isa = XCRemoteSwiftPackageReference;
			repositoryURL = "https://github.com/FluidInference/FluidAudio.git";
			requirement = {
				kind = upToNextMajorVersion;
				minimumVersion = 0.12.4;
			};
		};
/* End XCRemoteSwiftPackageReference section */

/* Begin XCSwiftPackageProductDependency section */
		10396361FABAB8C2CBDCE9BF /* FluidAudio */ = {
			isa = XCSwiftPackageProductDependency;
			package = A8DC1CDC7713B55B71B22252 /* XCRemoteSwiftPackageReference "FluidAudio" */;
			productName = FluidAudio;
		};
		AA95757345E9D3D49DF53390 /* KeyboardShortcuts */ = {
			isa = XCSwiftPackageProductDependency;
			package = 1B097BBC22B6168E0849F9DC /* XCRemoteSwiftPackageReference "KeyboardShortcuts" */;
			productName = KeyboardShortcuts;
		};
/* End XCSwiftPackageProductDependency section */
	};
	rootObject = 1E44A4A175876521E1515B0B /* Project object */;
}
